
Microsoft Visual Studio Solution File, Format Version 12.00
# Visual Studio Version 17
VisualStudioVersion = 17.14.36327.8
MinimumVisualStudioVersion = 10.0.40219.1
Project("{FAE04EC0-301F-11D3-BF4B-00C04F79EFBC}") = "CorporateSolutions", "CorporateSolutions.csproj", "{500CE04F-42B8-24E3-BA72-78EE6741DD82}"
EndProject
Project("{FAE04EC0-301F-11D3-BF4B-00C04F79EFBC}") = "CorporateSolutions.Tests", "..\CorporateSolutions.Tests\CorporateSolutions.Tests.csproj", "{31A619D1-D264-4615-A875-0D49F51F270F}"
EndProject
Global
	GlobalSection(SolutionConfigurationPlatforms) = preSolution
		Debug|Any CPU = Debug|Any CPU
		Debug|x64 = Debug|x64
		Debug|x86 = Debug|x86
		Release|Any CPU = Release|Any CPU
		Release|x64 = Release|x64
		Release|x86 = Release|x86
	EndGlobalSection
	GlobalSection(ProjectConfigurationPlatforms) = postSolution
		{500CE04F-42B8-24E3-BA72-78EE6741DD82}.Debug|Any CPU.ActiveCfg = Debug|Any CPU
		{500CE04F-42B8-24E3-BA72-78EE6741DD82}.Debug|Any CPU.Build.0 = Debug|Any CPU
		{500CE04F-42B8-24E3-BA72-78EE6741DD82}.Debug|x64.ActiveCfg = Debug|Any CPU
		{500CE04F-42B8-24E3-BA72-78EE6741DD82}.Debug|x64.Build.0 = Debug|Any CPU
		{500CE04F-42B8-24E3-BA72-78EE6741DD82}.Debug|x86.ActiveCfg = Debug|Any CPU
		{500CE04F-42B8-24E3-BA72-78EE6741DD82}.Debug|x86.Build.0 = Debug|Any CPU
		{500CE04F-42B8-24E3-BA72-78EE6741DD82}.Release|Any CPU.ActiveCfg = Release|Any CPU
		{500CE04F-42B8-24E3-BA72-78EE6741DD82}.Release|Any CPU.Build.0 = Release|Any CPU
		{500CE04F-42B8-24E3-BA72-78EE6741DD82}.Release|x64.ActiveCfg = Release|Any CPU
		{500CE04F-42B8-24E3-BA72-78EE6741DD82}.Release|x64.Build.0 = Release|Any CPU
		{500CE04F-42B8-24E3-BA72-78EE6741DD82}.Release|x86.ActiveCfg = Release|Any CPU
		{500CE04F-42B8-24E3-BA72-78EE6741DD82}.Release|x86.Build.0 = Release|Any CPU
		{31A619D1-D264-4615-A875-0D49F51F270F}.Debug|Any CPU.ActiveCfg = Debug|Any CPU
		{31A619D1-D264-4615-A875-0D49F51F270F}.Debug|Any CPU.Build.0 = Debug|Any CPU
		{31A619D1-D264-4615-A875-0D49F51F270F}.Debug|x64.ActiveCfg = Debug|Any CPU
		{31A619D1-D264-4615-A875-0D49F51F270F}.Debug|x64.Build.0 = Debug|Any CPU
		{31A619D1-D264-4615-A875-0D49F51F270F}.Debug|x86.ActiveCfg = Debug|Any CPU
		{31A619D1-D264-4615-A875-0D49F51F270F}.Debug|x86.Build.0 = Debug|Any CPU
		{31A619D1-D264-4615-A875-0D49F51F270F}.Release|Any CPU.ActiveCfg = Release|Any CPU
		{31A619D1-D264-4615-A875-0D49F51F270F}.Release|Any CPU.Build.0 = Release|Any CPU
		{31A619D1-D264-4615-A875-0D49F51F270F}.Release|x64.ActiveCfg = Release|Any CPU
		{31A619D1-D264-4615-A875-0D49F51F270F}.Release|x64.Build.0 = Release|Any CPU
		{31A619D1-D264-4615-A875-0D49F51F270F}.Release|x86.ActiveCfg = Release|Any CPU
		{31A619D1-D264-4615-A875-0D49F51F270F}.Release|x86.Build.0 = Release|Any CPU
	EndGlobalSection
	GlobalSection(SolutionProperties) = preSolution
		HideSolutionNode = FALSE
	EndGlobalSection
	GlobalSection(ExtensibilityGlobals) = postSolution
		SolutionGuid = {B85F2423-1A4C-4353-A273-156AAC854899}
	EndGlobalSection
EndGlobal
